
Microsoft Visual Studio Solution File, Format Version 12.00
# Visual Studio Version 16
VisualStudioVersion = 16.0.30413.136
MinimumVisualStudioVersion = 10.0.40219.1
Project("{FAE04EC0-301F-11D3-BF4B-00C04F79EFBC}") = "Tehtava4", "Tehtava4.csproj", "{C4331054-26B3-496D-A08B-C9D78EA047BD}"
EndProject
Global
	GlobalSection(SolutionConfigurationPlatforms) = preSolution
		Debug|Any CPU = Debug|Any CPU
		Release|Any CPU = Release|Any CPU
	EndGlobalSection
	GlobalSection(ProjectConfigurationPlatforms) = postSolution
		{C4331054-26B3-496D-A08B-C9D78EA047BD}.Debug|Any CPU.ActiveCfg = Debug|Any CPU
		{C4331054-26B3-496D-A08B-C9D78EA047BD}.Debug|Any CPU.Build.0 = Debug|Any CPU
		{C4331054-26B3-496D-A08B-C9D78EA047BD}.Release|Any CPU.ActiveCfg = Release|Any CPU
		{C4331054-26B3-496D-A08B-C9D78EA047BD}.Release|Any CPU.Build.0 = Release|Any CPU
	EndGlobalSection
	GlobalSection(SolutionProperties) = preSolution
		HideSolutionNode = FALSE
	EndGlobalSection
	GlobalSection(ExtensibilityGlobals) = postSolution
		SolutionGuid = {A19F6D00-68AC-4ACF-A1BF-07EE071345EF}
	EndGlobalSection
EndGlobal
