
Microsoft Visual Studio Solution File, Format Version 12.00
# Visual Studio Version 16
VisualStudioVersion = 16.0.30413.136
MinimumVisualStudioVersion = 10.0.40219.1
Project("{FAE04EC0-301F-11D3-BF4B-00C04F79EFBC}") = "Tehtava3", "Tehtava3.csproj", "{5ABA33A7-213C-4E14-BE0A-02B1174F0391}"
EndProject
Global
	GlobalSection(SolutionConfigurationPlatforms) = preSolution
		Debug|Any CPU = Debug|Any CPU
		Release|Any CPU = Release|Any CPU
	EndGlobalSection
	GlobalSection(ProjectConfigurationPlatforms) = postSolution
		{5ABA33A7-213C-4E14-BE0A-02B1174F0391}.Debug|Any CPU.ActiveCfg = Debug|Any CPU
		{5ABA33A7-213C-4E14-BE0A-02B1174F0391}.Debug|Any CPU.Build.0 = Debug|Any CPU
		{5ABA33A7-213C-4E14-BE0A-02B1174F0391}.Release|Any CPU.ActiveCfg = Release|Any CPU
		{5ABA33A7-213C-4E14-BE0A-02B1174F0391}.Release|Any CPU.Build.0 = Release|Any CPU
	EndGlobalSection
	GlobalSection(SolutionProperties) = preSolution
		HideSolutionNode = FALSE
	EndGlobalSection
	GlobalSection(ExtensibilityGlobals) = postSolution
		SolutionGuid = {DE6612E6-1523-48A6-BA36-0673347E9DDE}
	EndGlobalSection
EndGlobal
