
Microsoft Visual Studio Solution File, Format Version 12.00
# Visual Studio Version 16
VisualStudioVersion = 16.0.30413.136
MinimumVisualStudioVersion = 10.0.40219.1
Project("{FAE04EC0-301F-11D3-BF4B-00C04F79EFBC}") = "Tehtava6", "Tehtava6.csproj", "{547830CC-A5B4-43C8-B4F1-035E848D49BC}"
EndProject
Global
	GlobalSection(SolutionConfigurationPlatforms) = preSolution
		Debug|Any CPU = Debug|Any CPU
		Release|Any CPU = Release|Any CPU
	EndGlobalSection
	GlobalSection(ProjectConfigurationPlatforms) = postSolution
		{547830CC-A5B4-43C8-B4F1-035E848D49BC}.Debug|Any CPU.ActiveCfg = Debug|Any CPU
		{547830CC-A5B4-43C8-B4F1-035E848D49BC}.Debug|Any CPU.Build.0 = Debug|Any CPU
		{547830CC-A5B4-43C8-B4F1-035E848D49BC}.Release|Any CPU.ActiveCfg = Release|Any CPU
		{547830CC-A5B4-43C8-B4F1-035E848D49BC}.Release|Any CPU.Build.0 = Release|Any CPU
	EndGlobalSection
	GlobalSection(SolutionProperties) = preSolution
		HideSolutionNode = FALSE
	EndGlobalSection
	GlobalSection(ExtensibilityGlobals) = postSolution
		SolutionGuid = {1485951F-FC4C-41A0-985E-3C700B33401B}
	EndGlobalSection
EndGlobal
