
Microsoft Visual Studio Solution File, Format Version 12.00
# Visual Studio Version 16
VisualStudioVersion = 16.0.30413.136
MinimumVisualStudioVersion = 10.0.40219.1
Project("{FAE04EC0-301F-11D3-BF4B-00C04F79EFBC}") = "Tehtava2", "Tehtava2.csproj", "{38CFE903-CA8E-4F55-AB51-C1E399C16007}"
EndProject
Global
	GlobalSection(SolutionConfigurationPlatforms) = preSolution
		Debug|Any CPU = Debug|Any CPU
		Release|Any CPU = Release|Any CPU
	EndGlobalSection
	GlobalSection(ProjectConfigurationPlatforms) = postSolution
		{38CFE903-CA8E-4F55-AB51-C1E399C16007}.Debug|Any CPU.ActiveCfg = Debug|Any CPU
		{38CFE903-CA8E-4F55-AB51-C1E399C16007}.Debug|Any CPU.Build.0 = Debug|Any CPU
		{38CFE903-CA8E-4F55-AB51-C1E399C16007}.Release|Any CPU.ActiveCfg = Release|Any CPU
		{38CFE903-CA8E-4F55-AB51-C1E399C16007}.Release|Any CPU.Build.0 = Release|Any CPU
	EndGlobalSection
	GlobalSection(SolutionProperties) = preSolution
		HideSolutionNode = FALSE
	EndGlobalSection
	GlobalSection(ExtensibilityGlobals) = postSolution
		SolutionGuid = {C951C546-D4DD-431D-9048-CD00875844A3}
	EndGlobalSection
EndGlobal
