
Microsoft Visual Studio Solution File, Format Version 12.00
# Visual Studio Version 16
VisualStudioVersion = 16.0.30413.136
MinimumVisualStudioVersion = 10.0.40219.1
Project("{FAE04EC0-301F-11D3-BF4B-00C04F79EFBC}") = "Tehtava 3", "Tehtava 3.csproj", "{12060178-7C98-44DD-93E5-904D3CB9377B}"
EndProject
Global
	GlobalSection(SolutionConfigurationPlatforms) = preSolution
		Debug|Any CPU = Debug|Any CPU
		Release|Any CPU = Release|Any CPU
	EndGlobalSection
	GlobalSection(ProjectConfigurationPlatforms) = postSolution
		{12060178-7C98-44DD-93E5-904D3CB9377B}.Debug|Any CPU.ActiveCfg = Debug|Any CPU
		{12060178-7C98-44DD-93E5-904D3CB9377B}.Debug|Any CPU.Build.0 = Debug|Any CPU
		{12060178-7C98-44DD-93E5-904D3CB9377B}.Release|Any CPU.ActiveCfg = Release|Any CPU
		{12060178-7C98-44DD-93E5-904D3CB9377B}.Release|Any CPU.Build.0 = Release|Any CPU
	EndGlobalSection
	GlobalSection(SolutionProperties) = preSolution
		HideSolutionNode = FALSE
	EndGlobalSection
	GlobalSection(ExtensibilityGlobals) = postSolution
		SolutionGuid = {7AE3EBD7-9317-4C3B-8C29-96AF38E657AE}
	EndGlobalSection
EndGlobal
