
Microsoft Visual Studio Solution File, Format Version 12.00
# Visual Studio Version 16
VisualStudioVersion = 16.0.30413.136
MinimumVisualStudioVersion = 10.0.40219.1
Project("{FAE04EC0-301F-11D3-BF4B-00C04F79EFBC}") = "Tehtava4", "Tehtava4.csproj", "{D20123E4-ADF3-41DB-8597-098DD5162DA6}"
EndProject
Global
	GlobalSection(SolutionConfigurationPlatforms) = preSolution
		Debug|Any CPU = Debug|Any CPU
		Release|Any CPU = Release|Any CPU
	EndGlobalSection
	GlobalSection(ProjectConfigurationPlatforms) = postSolution
		{D20123E4-ADF3-41DB-8597-098DD5162DA6}.Debug|Any CPU.ActiveCfg = Debug|Any CPU
		{D20123E4-ADF3-41DB-8597-098DD5162DA6}.Debug|Any CPU.Build.0 = Debug|Any CPU
		{D20123E4-ADF3-41DB-8597-098DD5162DA6}.Release|Any CPU.ActiveCfg = Release|Any CPU
		{D20123E4-ADF3-41DB-8597-098DD5162DA6}.Release|Any CPU.Build.0 = Release|Any CPU
	EndGlobalSection
	GlobalSection(SolutionProperties) = preSolution
		HideSolutionNode = FALSE
	EndGlobalSection
	GlobalSection(ExtensibilityGlobals) = postSolution
		SolutionGuid = {DC840C1C-6E50-48FB-8BCA-17D4D3E30E78}
	EndGlobalSection
EndGlobal
