
Microsoft Visual Studio Solution File, Format Version 12.00
# Visual Studio Version 16
VisualStudioVersion = 16.0.30413.136
MinimumVisualStudioVersion = 10.0.40219.1
Project("{FAE04EC0-301F-11D3-BF4B-00C04F79EFBC}") = "tehtava1", "tehtava1.csproj", "{4988E8E8-FF65-4364-B43B-4F8F86E95AAD}"
EndProject
Global
	GlobalSection(SolutionConfigurationPlatforms) = preSolution
		Debug|Any CPU = Debug|Any CPU
		Release|Any CPU = Release|Any CPU
	EndGlobalSection
	GlobalSection(ProjectConfigurationPlatforms) = postSolution
		{4988E8E8-FF65-4364-B43B-4F8F86E95AAD}.Debug|Any CPU.ActiveCfg = Debug|Any CPU
		{4988E8E8-FF65-4364-B43B-4F8F86E95AAD}.Debug|Any CPU.Build.0 = Debug|Any CPU
		{4988E8E8-FF65-4364-B43B-4F8F86E95AAD}.Release|Any CPU.ActiveCfg = Release|Any CPU
		{4988E8E8-FF65-4364-B43B-4F8F86E95AAD}.Release|Any CPU.Build.0 = Release|Any CPU
	EndGlobalSection
	GlobalSection(SolutionProperties) = preSolution
		HideSolutionNode = FALSE
	EndGlobalSection
	GlobalSection(ExtensibilityGlobals) = postSolution
		SolutionGuid = {AE62097C-FF1C-4331-B8C0-72AC22313A18}
	EndGlobalSection
EndGlobal
