
Microsoft Visual Studio Solution File, Format Version 12.00
# Visual Studio Version 16
VisualStudioVersion = 16.0.30413.136
MinimumVisualStudioVersion = 10.0.40219.1
Project("{FAE04EC0-301F-11D3-BF4B-00C04F79EFBC}") = "Tehtava3", "Tehtava3.csproj", "{FAC06E0A-22DE-47A3-A8CF-0497720B0652}"
EndProject
Global
	GlobalSection(SolutionConfigurationPlatforms) = preSolution
		Debug|Any CPU = Debug|Any CPU
		Release|Any CPU = Release|Any CPU
	EndGlobalSection
	GlobalSection(ProjectConfigurationPlatforms) = postSolution
		{FAC06E0A-22DE-47A3-A8CF-0497720B0652}.Debug|Any CPU.ActiveCfg = Debug|Any CPU
		{FAC06E0A-22DE-47A3-A8CF-0497720B0652}.Debug|Any CPU.Build.0 = Debug|Any CPU
		{FAC06E0A-22DE-47A3-A8CF-0497720B0652}.Release|Any CPU.ActiveCfg = Release|Any CPU
		{FAC06E0A-22DE-47A3-A8CF-0497720B0652}.Release|Any CPU.Build.0 = Release|Any CPU
	EndGlobalSection
	GlobalSection(SolutionProperties) = preSolution
		HideSolutionNode = FALSE
	EndGlobalSection
	GlobalSection(ExtensibilityGlobals) = postSolution
		SolutionGuid = {93DAB08B-A0B6-4CCE-97A8-01B25FC49ADC}
	EndGlobalSection
EndGlobal
